{"1.1.0",
[{<<"cowlib">>,
  {git,"https://github.com/extend/cowlib.git",
       {ref,"14e597baa42a436469f99661ed7994685e269dc2"}},
  1},
 {<<"goldrush">>,{pkg,<<"goldrush">>,<<"0.1.8">>},1},
 {<<"gproc">>,
  {git,"https://github.com/uwiger/gproc.git",
       {ref,"85d8dddf2b04690cee051994b40bfa45925f9e36"}},
  0},
 {<<"gun">>,
  {git,"https://github.com/ninenines/gun.git",
       {ref,"0414eede62946f995a5ab4879f9026548440199c"}},
  0},
 {<<"jsone">>,{pkg,<<"jsone">>,<<"1.2.3">>},0},
 {<<"lager">>,{pkg,<<"lager">>,<<"3.2.1">>},0},
 {<<"ranch">>,
  {git,"https://github.com/extend/ranch.git",
       {ref,"82c1aa77e64c610f6b2ac0666ae5435f5f79fa40"}},
  1}]}.
[
{pkg_hash,[
 {<<"goldrush">>, <<"2024BA375CEEA47E27EA70E14D2C483B2D8610101B4E852EF7F89163CDB6E649">>},
 {<<"jsone">>, <<"D2E9979326BDAACF50AB0E52C80F53D74CDED93D1AE21FABCF66346238CC0322">>},
 {<<"lager">>, <<"EEF4E18B39E4195D37606D9088EA05BF1B745986CF8EC84F01D332456FE88D17">>}]}
].
