[{<<"cowlib">>,
  {git,"https://github.com/extend/cowlib.git",
       {ref,"14e597baa42a436469f99661ed7994685e269dc2"}},
  1},
 {<<"goldrush">>,
  {git,"git://github.com/DeadZen/goldrush.git",
       {ref,"212299233c7e7eb63a97be2777e1c05ebaa58dbe"}},
  1},
 {<<"gproc">>,
  {git,"https://github.com/uwiger/gproc.git",
       {ref,"1d16f5e6d7cf616eec4395f2385e3a680a4ffc9f"}},
  0},
 {<<"gun">>,
  {git,"https://github.com/ninenines/gun.git",
       {ref,"0414eede62946f995a5ab4879f9026548440199c"}},
  0},
 {<<"jsone">>,
  {git,"https://github.com/sile/jsone.git",
       {ref,"2d3cb9af0a286f7246428ffeb2dc76f4791c593a"}},
  0},
 {<<"lager">>,
  {git,"https://github.com/basho/lager.git",
       {ref,"bce5504a955e52be8d5cf4b3c6b1fcd898ab5756"}},
  0},
 {<<"ranch">>,
  {git,"https://github.com/extend/ranch.git",
       {ref,"77ca2f7b420707467b4d7081c160b34e0713a00e"}},
  1}].
